
Microsoft Visual Studio Solution File, Format Version 12.00
# Visual Studio 2012
Project("{FAE04EC0-301F-11D3-BF4B-00C04F79EFBC}") = "Factorial", "Factorial\Factorial.csproj", "{A81B0DAD-7638-40ED-87CC-0385CB495DCB}"
EndProject
Global
	GlobalSection(SolutionConfigurationPlatforms) = preSolution
		Debug|Any CPU = Debug|Any CPU
		Release|Any CPU = Release|Any CPU
	EndGlobalSection
	GlobalSection(ProjectConfigurationPlatforms) = postSolution
		{A81B0DAD-7638-40ED-87CC-0385CB495DCB}.Debug|Any CPU.ActiveCfg = Debug|Any CPU
		{A81B0DAD-7638-40ED-87CC-0385CB495DCB}.Debug|Any CPU.Build.0 = Debug|Any CPU
		{A81B0DAD-7638-40ED-87CC-0385CB495DCB}.Release|Any CPU.ActiveCfg = Release|Any CPU
		{A81B0DAD-7638-40ED-87CC-0385CB495DCB}.Release|Any CPU.Build.0 = Release|Any CPU
	EndGlobalSection
	GlobalSection(SolutionProperties) = preSolution
		HideSolutionNode = FALSE
	EndGlobalSection
EndGlobal
