
Microsoft Visual Studio Solution File, Format Version 12.00
# Visual Studio 14
VisualStudioVersion = 14.0.23107.0
MinimumVisualStudioVersion = 10.0.40219.1
Project("{FAE04EC0-301F-11D3-BF4B-00C04F79EFBC}") = "CalculateLetterGrade", "CalculateLetterGrade\CalculateLetterGrade.csproj", "{95BC4C3B-5992-4DA1-B1B5-5FCFE451AFFF}"
EndProject
Global
	GlobalSection(SolutionConfigurationPlatforms) = preSolution
		Debug|Any CPU = Debug|Any CPU
		Release|Any CPU = Release|Any CPU
	EndGlobalSection
	GlobalSection(ProjectConfigurationPlatforms) = postSolution
		{95BC4C3B-5992-4DA1-B1B5-5FCFE451AFFF}.Debug|Any CPU.ActiveCfg = Debug|Any CPU
		{95BC4C3B-5992-4DA1-B1B5-5FCFE451AFFF}.Debug|Any CPU.Build.0 = Debug|Any CPU
		{95BC4C3B-5992-4DA1-B1B5-5FCFE451AFFF}.Release|Any CPU.ActiveCfg = Release|Any CPU
		{95BC4C3B-5992-4DA1-B1B5-5FCFE451AFFF}.Release|Any CPU.Build.0 = Release|Any CPU
	EndGlobalSection
	GlobalSection(SolutionProperties) = preSolution
		HideSolutionNode = FALSE
	EndGlobalSection
EndGlobal
